
Microsoft Visual Studio Solution File, Format Version 12.00
# Visual Studio Version 16
VisualStudioVersion = 16.0.30907.101
MinimumVisualStudioVersion = 10.0.40219.1
Project("{FAE04EC0-301F-11D3-BF4B-00C04F79EFBC}") = "union", "union\union.csproj", "{993EA451-FB97-4909-AF6E-6F4E330C3224}"
EndProject
Global
	GlobalSection(SolutionConfigurationPlatforms) = preSolution
		Debug|Any CPU = Debug|Any CPU
		Release|Any CPU = Release|Any CPU
	EndGlobalSection
	GlobalSection(ProjectConfigurationPlatforms) = postSolution
		{993EA451-FB97-4909-AF6E-6F4E330C3224}.Debug|Any CPU.ActiveCfg = Debug|Any CPU
		{993EA451-FB97-4909-AF6E-6F4E330C3224}.Debug|Any CPU.Build.0 = Debug|Any CPU
		{993EA451-FB97-4909-AF6E-6F4E330C3224}.Release|Any CPU.ActiveCfg = Release|Any CPU
		{993EA451-FB97-4909-AF6E-6F4E330C3224}.Release|Any CPU.Build.0 = Release|Any CPU
	EndGlobalSection
	GlobalSection(SolutionProperties) = preSolution
		HideSolutionNode = FALSE
	EndGlobalSection
	GlobalSection(ExtensibilityGlobals) = postSolution
		SolutionGuid = {36600D48-D123-46B1-BCB1-009BB6D8EDF2}
	EndGlobalSection
EndGlobal
